
Microsoft Visual Studio Solution File, Format Version 12.00
# Visual Studio Version 17
VisualStudioVersion = 17.14.36408.4 d17.14
MinimumVisualStudioVersion = 10.0.40219.1
Project("{FAE04EC0-301F-11D3-BF4B-00C04F79EFBC}") = "Lab2.2", "Lab2.2\Lab2.2.csproj", "{62480150-90B1-4F19-8BBD-D92E3CDC68EE}"
EndProject
Global
	GlobalSection(SolutionConfigurationPlatforms) = preSolution
		Debug|Any CPU = Debug|Any CPU
		Release|Any CPU = Release|Any CPU
	EndGlobalSection
	GlobalSection(ProjectConfigurationPlatforms) = postSolution
		{62480150-90B1-4F19-8BBD-D92E3CDC68EE}.Debug|Any CPU.ActiveCfg = Debug|Any CPU
		{62480150-90B1-4F19-8BBD-D92E3CDC68EE}.Debug|Any CPU.Build.0 = Debug|Any CPU
		{62480150-90B1-4F19-8BBD-D92E3CDC68EE}.Release|Any CPU.ActiveCfg = Release|Any CPU
		{62480150-90B1-4F19-8BBD-D92E3CDC68EE}.Release|Any CPU.Build.0 = Release|Any CPU
	EndGlobalSection
	GlobalSection(SolutionProperties) = preSolution
		HideSolutionNode = FALSE
	EndGlobalSection
	GlobalSection(ExtensibilityGlobals) = postSolution
		SolutionGuid = {58E82E0C-FDDF-4F46-AC1C-86E08CE7466E}
	EndGlobalSection
EndGlobal
